// !$*UTF8*$!
{
	archiveVersion = 1;
	classes = {
	};
	objectVersion = 48;
	objects = {

/* Begin PBXBuildFile section */
		3AFBA81C205D85010010304B /* AppDelegate.swift in Sources */ = {isa = PBXBuildFile; fileRef = 3AFBA81B205D85010010304B /* AppDelegate.swift */; };
		3AFBA81E205D85010010304B /* ViewController.swift in Sources */ = {isa = PBXBuildFile; fileRef = 3AFBA81D205D85010010304B /* ViewController.swift */; };
		3AFBA821205D85010010304B /* Main.storyboard in Resources */ = {isa = PBXBuildFile; fileRef = 3AFBA81F205D85010010304B /* Main.storyboard */; };
		3AFBA824205D85010010304B /* BlogAPI.xcdatamodeld in Sources */ = {isa = PBXBuildFile; fileRef = 3AFBA822205D85010010304B /* BlogAPI.xcdatamodeld */; };
		3AFBA826205D85010010304B /* Assets.xcassets in Resources */ = {isa = PBXBuildFile; fileRef = 3AFBA825205D85010010304B /* Assets.xcassets */; };
		3AFBA829205D85010010304B /* LaunchScreen.storyboard in Resources */ = {isa = PBXBuildFile; fileRef = 3AFBA827205D85010010304B /* LaunchScreen.storyboard */; };
		3AFBA832205D88F90010304B /* CustomCollectionVC.swift in Sources */ = {isa = PBXBuildFile; fileRef = 3AFBA831205D88F90010304B /* CustomCollectionVC.swift */; };
		3AFBA834205D95780010304B /* DetailVC.swift in Sources */ = {isa = PBXBuildFile; fileRef = 3AFBA833205D95780010304B /* DetailVC.swift */; };
		3AFBA836205DA9A20010304B /* PostModel.swift in Sources */ = {isa = PBXBuildFile; fileRef = 3AFBA835205DA9A20010304B /* PostModel.swift */; };
		3AFBA83B205E7E690010304B /* UserVC.swift in Sources */ = {isa = PBXBuildFile; fileRef = 3AFBA83A205E7E690010304B /* UserVC.swift */; };
		3AFBA83D205E88260010304B /* AddPostVC.swift in Sources */ = {isa = PBXBuildFile; fileRef = 3AFBA83C205E88260010304B /* AddPostVC.swift */; };
		67B722D238454FA801DC448B /* Pods_BlogAPI.framework in Frameworks */ = {isa = PBXBuildFile; fileRef = 82A13A9230D4E88104E8B265 /* Pods_BlogAPI.framework */; };
/* End PBXBuildFile section */

/* Begin PBXFileReference section */
		0755696D5C5F650FAA66B1FF /* Pods-BlogAPI.release.xcconfig */ = {isa = PBXFileReference; includeInIndex = 1; lastKnownFileType = text.xcconfig; name = "Pods-BlogAPI.release.xcconfig"; path = "Pods/Target Support Files/Pods-BlogAPI/Pods-BlogAPI.release.xcconfig"; sourceTree = "<group>"; };
		3AFBA818205D85010010304B /* BlogAPI.app */ = {isa = PBXFileReference; explicitFileType = wrapper.application; includeInIndex = 0; path = BlogAPI.app; sourceTree = BUILT_PRODUCTS_DIR; };
		3AFBA81B205D85010010304B /* AppDelegate.swift */ = {isa = PBXFileReference; lastKnownFileType = sourcecode.swift; path = AppDelegate.swift; sourceTree = "<group>"; };
		3AFBA81D205D85010010304B /* ViewController.swift */ = {isa = PBXFileReference; lastKnownFileType = sourcecode.swift; path = ViewController.swift; sourceTree = "<group>"; };
		3AFBA820205D85010010304B /* Base */ = {isa = PBXFileReference; lastKnownFileType = file.storyboard; name = Base; path = Base.lproj/Main.storyboard; sourceTree = "<group>"; };
		3AFBA823205D85010010304B /* BlogAPI.xcdatamodel */ = {isa = PBXFileReference; lastKnownFileType = wrapper.xcdatamodel; path = BlogAPI.xcdatamodel; sourceTree = "<group>"; };
		3AFBA825205D85010010304B /* Assets.xcassets */ = {isa = PBXFileReference; lastKnownFileType = folder.assetcatalog; path = Assets.xcassets; sourceTree = "<group>"; };
		3AFBA828205D85010010304B /* Base */ = {isa = PBXFileReference; lastKnownFileType = file.storyboard; name = Base; path = Base.lproj/LaunchScreen.storyboard; sourceTree = "<group>"; };
		3AFBA82A205D85010010304B /* Info.plist */ = {isa = PBXFileReference; lastKnownFileType = text.plist.xml; path = Info.plist; sourceTree = "<group>"; };
		3AFBA831205D88F90010304B /* CustomCollectionVC.swift */ = {isa = PBXFileReference; lastKnownFileType = sourcecode.swift; path = CustomCollectionVC.swift; sourceTree = "<group>"; };
		3AFBA833205D95780010304B /* DetailVC.swift */ = {isa = PBXFileReference; lastKnownFileType = sourcecode.swift; path = DetailVC.swift; sourceTree = "<group>"; };
		3AFBA835205DA9A20010304B /* PostModel.swift */ = {isa = PBXFileReference; lastKnownFileType = sourcecode.swift; path = PostModel.swift; sourceTree = "<group>"; };
		3AFBA83A205E7E690010304B /* UserVC.swift */ = {isa = PBXFileReference; lastKnownFileType = sourcecode.swift; path = UserVC.swift; sourceTree = "<group>"; };
		3AFBA83C205E88260010304B /* AddPostVC.swift */ = {isa = PBXFileReference; lastKnownFileType = sourcecode.swift; path = AddPostVC.swift; sourceTree = "<group>"; };
		7FF8AF20289F1895528D8DFA /* Pods-BlogAPI.debug.xcconfig */ = {isa = PBXFileReference; includeInIndex = 1; lastKnownFileType = text.xcconfig; name = "Pods-BlogAPI.debug.xcconfig"; path = "Pods/Target Support Files/Pods-BlogAPI/Pods-BlogAPI.debug.xcconfig"; sourceTree = "<group>"; };
		82A13A9230D4E88104E8B265 /* Pods_BlogAPI.framework */ = {isa = PBXFileReference; explicitFileType = wrapper.framework; includeInIndex = 0; path = Pods_BlogAPI.framework; sourceTree = BUILT_PRODUCTS_DIR; };
/* End PBXFileReference section */

/* Begin PBXFrameworksBuildPhase section */
		3AFBA815205D85010010304B /* Frameworks */ = {
			isa = PBXFrameworksBuildPhase;
			buildActionMask = 2147483647;
			files = (
				67B722D238454FA801DC448B /* Pods_BlogAPI.framework in Frameworks */,
			);
			runOnlyForDeploymentPostprocessing = 0;
		};
/* End PBXFrameworksBuildPhase section */

/* Begin PBXGroup section */
		3AFBA80F205D85010010304B = {
			isa = PBXGroup;
			children = (
				3AFBA81A205D85010010304B /* BlogAPI */,
				3AFBA819205D85010010304B /* Products */,
				A2BD88D0CC6075C149A35161 /* Pods */,
				9A2EC93B4F7153818D2C409E /* Frameworks */,
			);
			sourceTree = "<group>";
		};
		3AFBA819205D85010010304B /* Products */ = {
			isa = PBXGroup;
			children = (
				3AFBA818205D85010010304B /* BlogAPI.app */,
			);
			name = Products;
			sourceTree = "<group>";
		};
		3AFBA81A205D85010010304B /* BlogAPI */ = {
			isa = PBXGroup;
			children = (
				3AFBA81B205D85010010304B /* AppDelegate.swift */,
				3AFBA837205DA9AB0010304B /* Model */,
				3AFBA838205DAAC40010304B /* View */,
				3AFBA839205E6FE30010304B /* Controller */,
				3AFBA825205D85010010304B /* Assets.xcassets */,
				3AFBA82A205D85010010304B /* Info.plist */,
				3AFBA822205D85010010304B /* BlogAPI.xcdatamodeld */,
			);
			path = BlogAPI;
			sourceTree = "<group>";
		};
		3AFBA837205DA9AB0010304B /* Model */ = {
			isa = PBXGroup;
			children = (
				3AFBA835205DA9A20010304B /* PostModel.swift */,
			);
			path = Model;
			sourceTree = "<group>";
		};
		3AFBA838205DAAC40010304B /* View */ = {
			isa = PBXGroup;
			children = (
				3AFBA831205D88F90010304B /* CustomCollectionVC.swift */,
				3AFBA833205D95780010304B /* DetailVC.swift */,
				3AFBA81F205D85010010304B /* Main.storyboard */,
				3AFBA827205D85010010304B /* LaunchScreen.storyboard */,
				3AFBA83A205E7E690010304B /* UserVC.swift */,
				3AFBA83C205E88260010304B /* AddPostVC.swift */,
			);
			path = View;
			sourceTree = "<group>";
		};
		3AFBA839205E6FE30010304B /* Controller */ = {
			isa = PBXGroup;
			children = (
				3AFBA81D205D85010010304B /* ViewController.swift */,
			);
			path = Controller;
			sourceTree = "<group>";
		};
		9A2EC93B4F7153818D2C409E /* Frameworks */ = {
			isa = PBXGroup;
			children = (
				82A13A9230D4E88104E8B265 /* Pods_BlogAPI.framework */,
			);
			name = Frameworks;
			sourceTree = "<group>";
		};
		A2BD88D0CC6075C149A35161 /* Pods */ = {
			isa = PBXGroup;
			children = (
				7FF8AF20289F1895528D8DFA /* Pods-BlogAPI.debug.xcconfig */,
				0755696D5C5F650FAA66B1FF /* Pods-BlogAPI.release.xcconfig */,
			);
			name = Pods;
			sourceTree = "<group>";
		};
/* End PBXGroup section */

/* Begin PBXNativeTarget section */
		3AFBA817205D85010010304B /* BlogAPI */ = {
			isa = PBXNativeTarget;
			buildConfigurationList = 3AFBA82D205D85010010304B /* Build configuration list for PBXNativeTarget "BlogAPI" */;
			buildPhases = (
				E73D1D20CF0664CA5DEA7F51 /* [CP] Check Pods Manifest.lock */,
				3AFBA814205D85010010304B /* Sources */,
				3AFBA815205D85010010304B /* Frameworks */,
				3AFBA816205D85010010304B /* Resources */,
				81A07C3F7012358F6B821755 /* [CP] Embed Pods Frameworks */,
				12D22665F1E06E94CB001B0F /* [CP] Copy Pods Resources */,
			);
			buildRules = (
			);
			dependencies = (
			);
			name = BlogAPI;
			productName = BlogAPI;
			productReference = 3AFBA818205D85010010304B /* BlogAPI.app */;
			productType = "com.apple.product-type.application";
		};
/* End PBXNativeTarget section */

/* Begin PBXProject section */
		3AFBA810205D85010010304B /* Project object */ = {
			isa = PBXProject;
			attributes = {
				LastSwiftUpdateCheck = 0920;
				LastUpgradeCheck = 0920;
				ORGANIZATIONNAME = "Bogdan Dubiahin";
				TargetAttributes = {
					3AFBA817205D85010010304B = {
						CreatedOnToolsVersion = 9.2;
						ProvisioningStyle = Automatic;
					};
				};
			};
			buildConfigurationList = 3AFBA813205D85010010304B /* Build configuration list for PBXProject "BlogAPI" */;
			compatibilityVersion = "Xcode 8.0";
			developmentRegion = en;
			hasScannedForEncodings = 0;
			knownRegions = (
				en,
				Base,
			);
			mainGroup = 3AFBA80F205D85010010304B;
			productRefGroup = 3AFBA819205D85010010304B /* Products */;
			projectDirPath = "";
			projectRoot = "";
			targets = (
				3AFBA817205D85010010304B /* BlogAPI */,
			);
		};
/* End PBXProject section */

/* Begin PBXResourcesBuildPhase section */
		3AFBA816205D85010010304B /* Resources */ = {
			isa = PBXResourcesBuildPhase;
			buildActionMask = 2147483647;
			files = (
				3AFBA829205D85010010304B /* LaunchScreen.storyboard in Resources */,
				3AFBA826205D85010010304B /* Assets.xcassets in Resources */,
				3AFBA821205D85010010304B /* Main.storyboard in Resources */,
			);
			runOnlyForDeploymentPostprocessing = 0;
		};
/* End PBXResourcesBuildPhase section */

/* Begin PBXShellScriptBuildPhase section */
		12D22665F1E06E94CB001B0F /* [CP] Copy Pods Resources */ = {
			isa = PBXShellScriptBuildPhase;
			buildActionMask = 2147483647;
			files = (
			);
			inputPaths = (
			);
			name = "[CP] Copy Pods Resources";
			outputPaths = (
			);
			runOnlyForDeploymentPostprocessing = 0;
			shellPath = /bin/sh;
			shellScript = "\"${SRCROOT}/Pods/Target Support Files/Pods-BlogAPI/Pods-BlogAPI-resources.sh\"\n";
			showEnvVarsInLog = 0;
		};
		81A07C3F7012358F6B821755 /* [CP] Embed Pods Frameworks */ = {
			isa = PBXShellScriptBuildPhase;
			buildActionMask = 2147483647;
			files = (
			);
			inputPaths = (
				"${SRCROOT}/Pods/Target Support Files/Pods-BlogAPI/Pods-BlogAPI-frameworks.sh",
				"${BUILT_PRODUCTS_DIR}/Alamofire/Alamofire.framework",
			);
			name = "[CP] Embed Pods Frameworks";
			outputPaths = (
				"${TARGET_BUILD_DIR}/${FRAMEWORKS_FOLDER_PATH}/Alamofire.framework",
			);
			runOnlyForDeploymentPostprocessing = 0;
			shellPath = /bin/sh;
			shellScript = "\"${SRCROOT}/Pods/Target Support Files/Pods-BlogAPI/Pods-BlogAPI-frameworks.sh\"\n";
			showEnvVarsInLog = 0;
		};
		E73D1D20CF0664CA5DEA7F51 /* [CP] Check Pods Manifest.lock */ = {
			isa = PBXShellScriptBuildPhase;
			buildActionMask = 2147483647;
			files = (
			);
			inputPaths = (
				"${PODS_PODFILE_DIR_PATH}/Podfile.lock",
				"${PODS_ROOT}/Manifest.lock",
			);
			name = "[CP] Check Pods Manifest.lock";
			outputPaths = (
				"$(DERIVED_FILE_DIR)/Pods-BlogAPI-checkManifestLockResult.txt",
			);
			runOnlyForDeploymentPostprocessing = 0;
			shellPath = /bin/sh;
			shellScript = "diff \"${PODS_PODFILE_DIR_PATH}/Podfile.lock\" \"${PODS_ROOT}/Manifest.lock\" > /dev/null\nif [ $? != 0 ] ; then\n    # print error to STDERR\n    echo \"error: The sandbox is not in sync with the Podfile.lock. Run 'pod install' or update your CocoaPods installation.\" >&2\n    exit 1\nfi\n# This output is used by Xcode 'outputs' to avoid re-running this script phase.\necho \"SUCCESS\" > \"${SCRIPT_OUTPUT_FILE_0}\"\n";
			showEnvVarsInLog = 0;
		};
/* End PBXShellScriptBuildPhase section */

/* Begin PBXSourcesBuildPhase section */
		3AFBA814205D85010010304B /* Sources */ = {
			isa = PBXSourcesBuildPhase;
			buildActionMask = 2147483647;
			files = (
				3AFBA83B205E7E690010304B /* UserVC.swift in Sources */,
				3AFBA834205D95780010304B /* DetailVC.swift in Sources */,
				3AFBA83D205E88260010304B /* AddPostVC.swift in Sources */,
				3AFBA836205DA9A20010304B /* PostModel.swift in Sources */,
				3AFBA824205D85010010304B /* BlogAPI.xcdatamodeld in Sources */,
				3AFBA81E205D85010010304B /* ViewController.swift in Sources */,
				3AFBA81C205D85010010304B /* AppDelegate.swift in Sources */,
				3AFBA832205D88F90010304B /* CustomCollectionVC.swift in Sources */,
			);
			runOnlyForDeploymentPostprocessing = 0;
		};
/* End PBXSourcesBuildPhase section */

/* Begin PBXVariantGroup section */
		3AFBA81F205D85010010304B /* Main.storyboard */ = {
			isa = PBXVariantGroup;
			children = (
				3AFBA820205D85010010304B /* Base */,
			);
			name = Main.storyboard;
			sourceTree = "<group>";
		};
		3AFBA827205D85010010304B /* LaunchScreen.storyboard */ = {
			isa = PBXVariantGroup;
			children = (
				3AFBA828205D85010010304B /* Base */,
			);
			name = LaunchScreen.storyboard;
			sourceTree = "<group>";
		};
/* End PBXVariantGroup section */

/* Begin XCBuildConfiguration section */
		3AFBA82B205D85010010304B /* Debug */ = {
			isa = XCBuildConfiguration;
			buildSettings = {
				ALWAYS_SEARCH_USER_PATHS = NO;
				CLANG_ANALYZER_NONNULL = YES;
				CLANG_ANALYZER_NUMBER_OBJECT_CONVERSION = YES_AGGRESSIVE;
				CLANG_CXX_LANGUAGE_STANDARD = "gnu++14";
				CLANG_CXX_LIBRARY = "libc++";
				CLANG_ENABLE_MODULES = YES;
				CLANG_ENABLE_OBJC_ARC = YES;
				CLANG_WARN_BLOCK_CAPTURE_AUTORELEASING = YES;
				CLANG_WARN_BOOL_CONVERSION = YES;
				CLANG_WARN_COMMA = YES;
				CLANG_WARN_CONSTANT_CONVERSION = YES;
				CLANG_WARN_DIRECT_OBJC_ISA_USAGE = YES_ERROR;
				CLANG_WARN_DOCUMENTATION_COMMENTS = YES;
				CLANG_WARN_EMPTY_BODY = YES;
				CLANG_WARN_ENUM_CONVERSION = YES;
				CLANG_WARN_INFINITE_RECURSION = YES;
				CLANG_WARN_INT_CONVERSION = YES;
				CLANG_WARN_NON_LITERAL_NULL_CONVERSION = YES;
				CLANG_WARN_OBJC_LITERAL_CONVERSION = YES;
				CLANG_WARN_OBJC_ROOT_CLASS = YES_ERROR;
				CLANG_WARN_RANGE_LOOP_ANALYSIS = YES;
				CLANG_WARN_STRICT_PROTOTYPES = YES;
				CLANG_WARN_SUSPICIOUS_MOVE = YES;
				CLANG_WARN_UNGUARDED_AVAILABILITY = YES_AGGRESSIVE;
				CLANG_WARN_UNREACHABLE_CODE = YES;
				CLANG_WARN__DUPLICATE_METHOD_MATCH = YES;
				CODE_SIGN_IDENTITY = "iPhone Developer";
				COPY_PHASE_STRIP = NO;
				DEBUG_INFORMATION_FORMAT = dwarf;
				ENABLE_STRICT_OBJC_MSGSEND = YES;
				ENABLE_TESTABILITY = YES;
				GCC_C_LANGUAGE_STANDARD = gnu11;
				GCC_DYNAMIC_NO_PIC = NO;
				GCC_NO_COMMON_BLOCKS = YES;
				GCC_OPTIMIZATION_LEVEL = 0;
				GCC_PREPROCESSOR_DEFINITIONS = (
					"DEBUG=1",
					"$(inherited)",
				);
				GCC_WARN_64_TO_32_BIT_CONVERSION = YES;
				GCC_WARN_ABOUT_RETURN_TYPE = YES_ERROR;
				GCC_WARN_UNDECLARED_SELECTOR = YES;
				GCC_WARN_UNINITIALIZED_AUTOS = YES_AGGRESSIVE;
				GCC_WARN_UNUSED_FUNCTION = YES;
				GCC_WARN_UNUSED_VARIABLE = YES;
				IPHONEOS_DEPLOYMENT_TARGET = 11.2;
				MTL_ENABLE_DEBUG_INFO = YES;
				ONLY_ACTIVE_ARCH = YES;
				SDKROOT = iphoneos;
				SWIFT_ACTIVE_COMPILATION_CONDITIONS = DEBUG;
				SWIFT_OPTIMIZATION_LEVEL = "-Onone";
			};
			name = Debug;
		};
		3AFBA82C205D85010010304B /* Release */ = {
			isa = XCBuildConfiguration;
			buildSettings = {
				ALWAYS_SEARCH_USER_PATHS = NO;
				CLANG_ANALYZER_NONNULL = YES;
				CLANG_ANALYZER_NUMBER_OBJECT_CONVERSION = YES_AGGRESSIVE;
				CLANG_CXX_LANGUAGE_STANDARD = "gnu++14";
				CLANG_CXX_LIBRARY = "libc++";
				CLANG_ENABLE_MODULES = YES;
				CLANG_ENABLE_OBJC_ARC = YES;
				CLANG_WARN_BLOCK_CAPTURE_AUTORELEASING = YES;
				CLANG_WARN_BOOL_CONVERSION = YES;
				CLANG_WARN_COMMA = YES;
				CLANG_WARN_CONSTANT_CONVERSION = YES;
				CLANG_WARN_DIRECT_OBJC_ISA_USAGE = YES_ERROR;
				CLANG_WARN_DOCUMENTATION_COMMENTS = YES;
				CLANG_WARN_EMPTY_BODY = YES;
				CLANG_WARN_ENUM_CONVERSION = YES;
				CLANG_WARN_INFINITE_RECURSION = YES;
				CLANG_WARN_INT_CONVERSION = YES;
				CLANG_WARN_NON_LITERAL_NULL_CONVERSION = YES;
				CLANG_WARN_OBJC_LITERAL_CONVERSION = YES;
				CLANG_WARN_OBJC_ROOT_CLASS = YES_ERROR;
				CLANG_WARN_RANGE_LOOP_ANALYSIS = YES;
				CLANG_WARN_STRICT_PROTOTYPES = YES;
				CLANG_WARN_SUSPICIOUS_MOVE = YES;
				CLANG_WARN_UNGUARDED_AVAILABILITY = YES_AGGRESSIVE;
				CLANG_WARN_UNREACHABLE_CODE = YES;
				CLANG_WARN__DUPLICATE_METHOD_MATCH = YES;
				CODE_SIGN_IDENTITY = "iPhone Developer";
				COPY_PHASE_STRIP = NO;
				DEBUG_INFORMATION_FORMAT = "dwarf-with-dsym";
				ENABLE_NS_ASSERTIONS = NO;
				ENABLE_STRICT_OBJC_MSGSEND = YES;
				GCC_C_LANGUAGE_STANDARD = gnu11;
				GCC_NO_COMMON_BLOCKS = YES;
				GCC_WARN_64_TO_32_BIT_CONVERSION = YES;
				GCC_WARN_ABOUT_RETURN_TYPE = YES_ERROR;
				GCC_WARN_UNDECLARED_SELECTOR = YES;
				GCC_WARN_UNINITIALIZED_AUTOS = YES_AGGRESSIVE;
				GCC_WARN_UNUSED_FUNCTION = YES;
				GCC_WARN_UNUSED_VARIABLE = YES;
				IPHONEOS_DEPLOYMENT_TARGET = 11.2;
				MTL_ENABLE_DEBUG_INFO = NO;
				SDKROOT = iphoneos;
				SWIFT_OPTIMIZATION_LEVEL = "-Owholemodule";
				VALIDATE_PRODUCT = YES;
			};
			name = Release;
		};
		3AFBA82E205D85010010304B /* Debug */ = {
			isa = XCBuildConfiguration;
			baseConfigurationReference = 7FF8AF20289F1895528D8DFA /* Pods-BlogAPI.debug.xcconfig */;
			buildSettings = {
				ASSETCATALOG_COMPILER_APPICON_NAME = AppIcon;
				CODE_SIGN_STYLE = Automatic;
				INFOPLIST_FILE = BlogAPI/Info.plist;
				LD_RUNPATH_SEARCH_PATHS = "$(inherited) @executable_path/Frameworks";
				PRODUCT_BUNDLE_IDENTIFIER = swift.BlogAPI;
				PRODUCT_NAME = "$(TARGET_NAME)";
				SWIFT_VERSION = 4.0;
				TARGETED_DEVICE_FAMILY = "1,2";
			};
			name = Debug;
		};
		3AFBA82F205D85010010304B /* Release */ = {
			isa = XCBuildConfiguration;
			baseConfigurationReference = 0755696D5C5F650FAA66B1FF /* Pods-BlogAPI.release.xcconfig */;
			buildSettings = {
				ASSETCATALOG_COMPILER_APPICON_NAME = AppIcon;
				CODE_SIGN_STYLE = Automatic;
				INFOPLIST_FILE = BlogAPI/Info.plist;
				LD_RUNPATH_SEARCH_PATHS = "$(inherited) @executable_path/Frameworks";
				PRODUCT_BUNDLE_IDENTIFIER = swift.BlogAPI;
				PRODUCT_NAME = "$(TARGET_NAME)";
				SWIFT_VERSION = 4.0;
				TARGETED_DEVICE_FAMILY = "1,2";
			};
			name = Release;
		};
/* End XCBuildConfiguration section */

/* Begin XCConfigurationList section */
		3AFBA813205D85010010304B /* Build configuration list for PBXProject "BlogAPI" */ = {
			isa = XCConfigurationList;
			buildConfigurations = (
				3AFBA82B205D85010010304B /* Debug */,
				3AFBA82C205D85010010304B /* Release */,
			);
			defaultConfigurationIsVisible = 0;
			defaultConfigurationName = Release;
		};
		3AFBA82D205D85010010304B /* Build configuration list for PBXNativeTarget "BlogAPI" */ = {
			isa = XCConfigurationList;
			buildConfigurations = (
				3AFBA82E205D85010010304B /* Debug */,
				3AFBA82F205D85010010304B /* Release */,
			);
			defaultConfigurationIsVisible = 0;
			defaultConfigurationName = Release;
		};
/* End XCConfigurationList section */

/* Begin XCVersionGroup section */
		3AFBA822205D85010010304B /* BlogAPI.xcdatamodeld */ = {
			isa = XCVersionGroup;
			children = (
				3AFBA823205D85010010304B /* BlogAPI.xcdatamodel */,
			);
			currentVersion = 3AFBA823205D85010010304B /* BlogAPI.xcdatamodel */;
			path = BlogAPI.xcdatamodeld;
			sourceTree = "<group>";
			versionGroupType = wrapper.xcdatamodel;
		};
/* End XCVersionGroup section */
	};
	rootObject = 3AFBA810205D85010010304B /* Project object */;
}
